
Microsoft Visual Studio Solution File, Format Version 12.00
# Visual Studio Version 17
VisualStudioVersion = 17.0.31611.283
MinimumVisualStudioVersion = 10.0.40219.1
Project("{9A19103F-16F7-4668-BE54-9A1E7A4F7556}") = "AirTote", "AirTote\AirTote.csproj", "{93A0B8C2-B818-4D74-8901-15058519FC4B}"
EndProject
Project("{FAE04EC0-301F-11D3-BF4B-00C04F79EFBC}") = "AirTote.TwoPaneView.MAUI", "AirTote.TwoPaneView.MAUI\AirTote.TwoPaneView.MAUI.csproj", "{6CFF73AE-AD57-42EF-BC7B-CAD9824B8FBA}"
EndProject
Project("{FAE04EC0-301F-11D3-BF4B-00C04F79EFBC}") = "AirTote.SketchPad.MAUI", "AirTote.SketchPad.MAUI\AirTote.SketchPad.MAUI.csproj", "{5E1267E0-DB2E-4FDD-AFC8-1904225F6155}"
EndProject
Global
	GlobalSection(SolutionConfigurationPlatforms) = preSolution
		Debug|Any CPU = Debug|Any CPU
		Release|Any CPU = Release|Any CPU
		Publish|Any CPU = Publish|Any CPU
	EndGlobalSection
	GlobalSection(ProjectConfigurationPlatforms) = postSolution
		{93A0B8C2-B818-4D74-8901-15058519FC4B}.Debug|Any CPU.ActiveCfg = Debug|Any CPU
		{93A0B8C2-B818-4D74-8901-15058519FC4B}.Debug|Any CPU.Build.0 = Debug|Any CPU
		{93A0B8C2-B818-4D74-8901-15058519FC4B}.Debug|Any CPU.Deploy.0 = Debug|Any CPU
		{93A0B8C2-B818-4D74-8901-15058519FC4B}.Release|Any CPU.ActiveCfg = Release|Any CPU
		{93A0B8C2-B818-4D74-8901-15058519FC4B}.Release|Any CPU.Build.0 = Release|Any CPU
		{93A0B8C2-B818-4D74-8901-15058519FC4B}.Release|Any CPU.Deploy.0 = Release|Any CPU
		{93A0B8C2-B818-4D74-8901-15058519FC4B}.Publish|Any CPU.ActiveCfg = Publish|Any CPU
		{93A0B8C2-B818-4D74-8901-15058519FC4B}.Publish|Any CPU.Build.0 = Publish|Any CPU
		{6CFF73AE-AD57-42EF-BC7B-CAD9824B8FBA}.Debug|Any CPU.ActiveCfg = Debug|Any CPU
		{6CFF73AE-AD57-42EF-BC7B-CAD9824B8FBA}.Debug|Any CPU.Build.0 = Debug|Any CPU
		{6CFF73AE-AD57-42EF-BC7B-CAD9824B8FBA}.Release|Any CPU.ActiveCfg = Release|Any CPU
		{6CFF73AE-AD57-42EF-BC7B-CAD9824B8FBA}.Release|Any CPU.Build.0 = Release|Any CPU
		{6CFF73AE-AD57-42EF-BC7B-CAD9824B8FBA}.Publish|Any CPU.ActiveCfg = Debug|Any CPU
		{6CFF73AE-AD57-42EF-BC7B-CAD9824B8FBA}.Publish|Any CPU.Build.0 = Debug|Any CPU
		{5E1267E0-DB2E-4FDD-AFC8-1904225F6155}.Debug|Any CPU.ActiveCfg = Debug|Any CPU
		{5E1267E0-DB2E-4FDD-AFC8-1904225F6155}.Debug|Any CPU.Build.0 = Debug|Any CPU
		{5E1267E0-DB2E-4FDD-AFC8-1904225F6155}.Release|Any CPU.ActiveCfg = Release|Any CPU
		{5E1267E0-DB2E-4FDD-AFC8-1904225F6155}.Release|Any CPU.Build.0 = Release|Any CPU
		{5E1267E0-DB2E-4FDD-AFC8-1904225F6155}.Publish|Any CPU.ActiveCfg = Debug|Any CPU
		{5E1267E0-DB2E-4FDD-AFC8-1904225F6155}.Publish|Any CPU.Build.0 = Debug|Any CPU
	EndGlobalSection
	GlobalSection(SolutionProperties) = preSolution
		HideSolutionNode = FALSE
	EndGlobalSection
	GlobalSection(ExtensibilityGlobals) = postSolution
		SolutionGuid = {70E3C631-D1CA-4AAE-8BA2-D349E3E2E560}
	EndGlobalSection
EndGlobal
