
Microsoft Visual Studio Solution File, Format Version 12.00
# Visual Studio Version 17
VisualStudioVersion = 17.2.32210.308
MinimumVisualStudioVersion = 10.0.40219.1
Project("{FAE04EC0-301F-11D3-BF4B-00C04F79EFBC}") = "FIS-J.Android", "FIS-J\FIS-J.Android\FIS-J.Android.csproj", "{88A8AD5B-8C3F-4F41-8969-3184FADE30F7}"
EndProject
Project("{FAE04EC0-301F-11D3-BF4B-00C04F79EFBC}") = "FIS-J.iOS", "FIS-J\FIS-J.iOS\FIS-J.iOS.csproj", "{B3826677-877C-4734-A465-077465E7ED77}"
EndProject
Project("{9A19103F-16F7-4668-BE54-9A1E7A4F7556}") = "FIS-J", "FIS-J\FIS-J\FIS-J.csproj", "{93A0B8C2-B818-4D74-8901-15058519FC4B}"
EndProject
Project("{FAE04EC0-301F-11D3-BF4B-00C04F79EFBC}") = "FIS-J.Tests", "FIS-J.Tests\FIS-J.Tests.csproj", "{41773348-2284-4133-84BD-53C27B95869D}"
EndProject
Project("{9344BDBB-3E7F-41FC-A0DD-8665D75EE146}") = "FIS-J.UWP", "FIS-J\FIS-J.UWP\FIS-J.UWP.csproj", "{75B3D0AE-8C48-40F5-BBD6-6DF8D9777110}"
EndProject
Project("{2150E333-8FDC-42A3-9474-1A3956D46DE8}") = "Xamarin.Forms.GoogleMaps", "Xamarin.Forms.GoogleMaps", "{05B05E28-97CB-44E8-A8C7-12D7408100C8}"
EndProject
Project("{FAE04EC0-301F-11D3-BF4B-00C04F79EFBC}") = "Xamarin.Forms.GoogleMaps", "Xamarin.Forms.GoogleMaps\Xamarin.Forms.GoogleMaps\Xamarin.Forms.GoogleMaps\Xamarin.Forms.GoogleMaps.csproj", "{BD3E021F-AE25-48C5-A211-AAD23FBA65F9}"
EndProject
Project("{FAE04EC0-301F-11D3-BF4B-00C04F79EFBC}") = "Xamarin.Forms.GoogleMaps.Android", "Xamarin.Forms.GoogleMaps\Xamarin.Forms.GoogleMaps\Xamarin.Forms.GoogleMaps.Android\Xamarin.Forms.GoogleMaps.Android.csproj", "{D12EADE4-1457-4126-8EA7-9BEDF5393409}"
EndProject
Project("{FAE04EC0-301F-11D3-BF4B-00C04F79EFBC}") = "Xamarin.Forms.GoogleMaps.iOS", "Xamarin.Forms.GoogleMaps\Xamarin.Forms.GoogleMaps\Xamarin.Forms.GoogleMaps.iOS\Xamarin.Forms.GoogleMaps.iOS.csproj", "{AB1D9407-E4B2-403C-88CD-9CAC7A6914EF}"
EndProject
Project("{FAE04EC0-301F-11D3-BF4B-00C04F79EFBC}") = "Xamarin.Forms.GoogleMaps.UWP", "Xamarin.Forms.GoogleMaps\Xamarin.Forms.GoogleMaps\Xamarin.Forms.GoogleMaps.UWP\Xamarin.Forms.GoogleMaps.UWP.csproj", "{C62FCB91-7D10-4665-912C-B7CCEC9535D7}"
EndProject
Global
	GlobalSection(SolutionConfigurationPlatforms) = preSolution
		Debug|Any CPU = Debug|Any CPU
		Debug|ARM = Debug|ARM
		Debug|iPhone = Debug|iPhone
		Debug|iPhoneSimulator = Debug|iPhoneSimulator
		Debug|x64 = Debug|x64
		Debug|x86 = Debug|x86
		Release|Any CPU = Release|Any CPU
		Release|ARM = Release|ARM
		Release|iPhone = Release|iPhone
		Release|iPhoneSimulator = Release|iPhoneSimulator
		Release|x64 = Release|x64
		Release|x86 = Release|x86
	EndGlobalSection
	GlobalSection(ProjectConfigurationPlatforms) = postSolution
		{88A8AD5B-8C3F-4F41-8969-3184FADE30F7}.Debug|Any CPU.ActiveCfg = Debug|Any CPU
		{88A8AD5B-8C3F-4F41-8969-3184FADE30F7}.Debug|Any CPU.Build.0 = Debug|Any CPU
		{88A8AD5B-8C3F-4F41-8969-3184FADE30F7}.Debug|Any CPU.Deploy.0 = Debug|Any CPU
		{88A8AD5B-8C3F-4F41-8969-3184FADE30F7}.Debug|ARM.ActiveCfg = Debug|Any CPU
		{88A8AD5B-8C3F-4F41-8969-3184FADE30F7}.Debug|ARM.Build.0 = Debug|Any CPU
		{88A8AD5B-8C3F-4F41-8969-3184FADE30F7}.Debug|ARM.Deploy.0 = Debug|Any CPU
		{88A8AD5B-8C3F-4F41-8969-3184FADE30F7}.Debug|iPhone.ActiveCfg = Debug|Any CPU
		{88A8AD5B-8C3F-4F41-8969-3184FADE30F7}.Debug|iPhone.Build.0 = Debug|Any CPU
		{88A8AD5B-8C3F-4F41-8969-3184FADE30F7}.Debug|iPhone.Deploy.0 = Debug|Any CPU
		{88A8AD5B-8C3F-4F41-8969-3184FADE30F7}.Debug|iPhoneSimulator.ActiveCfg = Debug|Any CPU
		{88A8AD5B-8C3F-4F41-8969-3184FADE30F7}.Debug|iPhoneSimulator.Build.0 = Debug|Any CPU
		{88A8AD5B-8C3F-4F41-8969-3184FADE30F7}.Debug|iPhoneSimulator.Deploy.0 = Debug|Any CPU
		{88A8AD5B-8C3F-4F41-8969-3184FADE30F7}.Debug|x64.ActiveCfg = Debug|Any CPU
		{88A8AD5B-8C3F-4F41-8969-3184FADE30F7}.Debug|x64.Build.0 = Debug|Any CPU
		{88A8AD5B-8C3F-4F41-8969-3184FADE30F7}.Debug|x64.Deploy.0 = Debug|Any CPU
		{88A8AD5B-8C3F-4F41-8969-3184FADE30F7}.Debug|x86.ActiveCfg = Debug|Any CPU
		{88A8AD5B-8C3F-4F41-8969-3184FADE30F7}.Debug|x86.Build.0 = Debug|Any CPU
		{88A8AD5B-8C3F-4F41-8969-3184FADE30F7}.Debug|x86.Deploy.0 = Debug|Any CPU
		{88A8AD5B-8C3F-4F41-8969-3184FADE30F7}.Release|Any CPU.ActiveCfg = Release|Any CPU
		{88A8AD5B-8C3F-4F41-8969-3184FADE30F7}.Release|Any CPU.Build.0 = Release|Any CPU
		{88A8AD5B-8C3F-4F41-8969-3184FADE30F7}.Release|Any CPU.Deploy.0 = Release|Any CPU
		{88A8AD5B-8C3F-4F41-8969-3184FADE30F7}.Release|ARM.ActiveCfg = Release|Any CPU
		{88A8AD5B-8C3F-4F41-8969-3184FADE30F7}.Release|ARM.Build.0 = Release|Any CPU
		{88A8AD5B-8C3F-4F41-8969-3184FADE30F7}.Release|ARM.Deploy.0 = Release|Any CPU
		{88A8AD5B-8C3F-4F41-8969-3184FADE30F7}.Release|iPhone.ActiveCfg = Release|Any CPU
		{88A8AD5B-8C3F-4F41-8969-3184FADE30F7}.Release|iPhone.Build.0 = Release|Any CPU
		{88A8AD5B-8C3F-4F41-8969-3184FADE30F7}.Release|iPhone.Deploy.0 = Release|Any CPU
		{88A8AD5B-8C3F-4F41-8969-3184FADE30F7}.Release|iPhoneSimulator.ActiveCfg = Release|Any CPU
		{88A8AD5B-8C3F-4F41-8969-3184FADE30F7}.Release|iPhoneSimulator.Build.0 = Release|Any CPU
		{88A8AD5B-8C3F-4F41-8969-3184FADE30F7}.Release|iPhoneSimulator.Deploy.0 = Release|Any CPU
		{88A8AD5B-8C3F-4F41-8969-3184FADE30F7}.Release|x64.ActiveCfg = Release|Any CPU
		{88A8AD5B-8C3F-4F41-8969-3184FADE30F7}.Release|x64.Build.0 = Release|Any CPU
		{88A8AD5B-8C3F-4F41-8969-3184FADE30F7}.Release|x64.Deploy.0 = Release|Any CPU
		{88A8AD5B-8C3F-4F41-8969-3184FADE30F7}.Release|x86.ActiveCfg = Release|Any CPU
		{88A8AD5B-8C3F-4F41-8969-3184FADE30F7}.Release|x86.Build.0 = Release|Any CPU
		{88A8AD5B-8C3F-4F41-8969-3184FADE30F7}.Release|x86.Deploy.0 = Release|Any CPU
		{B3826677-877C-4734-A465-077465E7ED77}.Debug|Any CPU.ActiveCfg = Debug|iPhone
		{B3826677-877C-4734-A465-077465E7ED77}.Debug|Any CPU.Build.0 = Debug|iPhone
		{B3826677-877C-4734-A465-077465E7ED77}.Debug|Any CPU.Deploy.0 = Debug|iPhone
		{B3826677-877C-4734-A465-077465E7ED77}.Debug|ARM.ActiveCfg = Debug|iPhoneSimulator
		{B3826677-877C-4734-A465-077465E7ED77}.Debug|ARM.Build.0 = Debug|iPhoneSimulator
		{B3826677-877C-4734-A465-077465E7ED77}.Debug|iPhone.ActiveCfg = Debug|iPhone
		{B3826677-877C-4734-A465-077465E7ED77}.Debug|iPhone.Build.0 = Debug|iPhone
		{B3826677-877C-4734-A465-077465E7ED77}.Debug|iPhone.Deploy.0 = Debug|iPhone
		{B3826677-877C-4734-A465-077465E7ED77}.Debug|iPhoneSimulator.ActiveCfg = Debug|iPhoneSimulator
		{B3826677-877C-4734-A465-077465E7ED77}.Debug|iPhoneSimulator.Build.0 = Debug|iPhoneSimulator
		{B3826677-877C-4734-A465-077465E7ED77}.Debug|iPhoneSimulator.Deploy.0 = Debug|iPhoneSimulator
		{B3826677-877C-4734-A465-077465E7ED77}.Debug|x64.ActiveCfg = Debug|iPhoneSimulator
		{B3826677-877C-4734-A465-077465E7ED77}.Debug|x64.Build.0 = Debug|iPhoneSimulator
		{B3826677-877C-4734-A465-077465E7ED77}.Debug|x86.ActiveCfg = Debug|iPhoneSimulator
		{B3826677-877C-4734-A465-077465E7ED77}.Debug|x86.Build.0 = Debug|iPhoneSimulator
		{B3826677-877C-4734-A465-077465E7ED77}.Release|Any CPU.ActiveCfg = Release|iPhoneSimulator
		{B3826677-877C-4734-A465-077465E7ED77}.Release|Any CPU.Build.0 = Release|iPhoneSimulator
		{B3826677-877C-4734-A465-077465E7ED77}.Release|Any CPU.Deploy.0 = Release|iPhoneSimulator
		{B3826677-877C-4734-A465-077465E7ED77}.Release|ARM.ActiveCfg = Release|iPhone
		{B3826677-877C-4734-A465-077465E7ED77}.Release|ARM.Build.0 = Release|iPhone
		{B3826677-877C-4734-A465-077465E7ED77}.Release|iPhone.ActiveCfg = Release|iPhone
		{B3826677-877C-4734-A465-077465E7ED77}.Release|iPhone.Build.0 = Release|iPhone
		{B3826677-877C-4734-A465-077465E7ED77}.Release|iPhone.Deploy.0 = Release|iPhone
		{B3826677-877C-4734-A465-077465E7ED77}.Release|iPhoneSimulator.ActiveCfg = Release|iPhoneSimulator
		{B3826677-877C-4734-A465-077465E7ED77}.Release|iPhoneSimulator.Build.0 = Release|iPhoneSimulator
		{B3826677-877C-4734-A465-077465E7ED77}.Release|iPhoneSimulator.Deploy.0 = Release|iPhoneSimulator
		{B3826677-877C-4734-A465-077465E7ED77}.Release|x64.ActiveCfg = Release|iPhone
		{B3826677-877C-4734-A465-077465E7ED77}.Release|x64.Build.0 = Release|iPhone
		{B3826677-877C-4734-A465-077465E7ED77}.Release|x86.ActiveCfg = Release|iPhone
		{B3826677-877C-4734-A465-077465E7ED77}.Release|x86.Build.0 = Release|iPhone
		{93A0B8C2-B818-4D74-8901-15058519FC4B}.Debug|Any CPU.ActiveCfg = Debug|Any CPU
		{93A0B8C2-B818-4D74-8901-15058519FC4B}.Debug|Any CPU.Build.0 = Debug|Any CPU
		{93A0B8C2-B818-4D74-8901-15058519FC4B}.Debug|Any CPU.Deploy.0 = Debug|Any CPU
		{93A0B8C2-B818-4D74-8901-15058519FC4B}.Debug|ARM.ActiveCfg = Debug|Any CPU
		{93A0B8C2-B818-4D74-8901-15058519FC4B}.Debug|ARM.Build.0 = Debug|Any CPU
		{93A0B8C2-B818-4D74-8901-15058519FC4B}.Debug|iPhone.ActiveCfg = Debug|Any CPU
		{93A0B8C2-B818-4D74-8901-15058519FC4B}.Debug|iPhone.Build.0 = Debug|Any CPU
		{93A0B8C2-B818-4D74-8901-15058519FC4B}.Debug|iPhone.Deploy.0 = Debug|Any CPU
		{93A0B8C2-B818-4D74-8901-15058519FC4B}.Debug|iPhoneSimulator.ActiveCfg = Debug|Any CPU
		{93A0B8C2-B818-4D74-8901-15058519FC4B}.Debug|iPhoneSimulator.Build.0 = Debug|Any CPU
		{93A0B8C2-B818-4D74-8901-15058519FC4B}.Debug|iPhoneSimulator.Deploy.0 = Debug|Any CPU
		{93A0B8C2-B818-4D74-8901-15058519FC4B}.Debug|x64.ActiveCfg = Debug|Any CPU
		{93A0B8C2-B818-4D74-8901-15058519FC4B}.Debug|x64.Build.0 = Debug|Any CPU
		{93A0B8C2-B818-4D74-8901-15058519FC4B}.Debug|x86.ActiveCfg = Debug|Any CPU
		{93A0B8C2-B818-4D74-8901-15058519FC4B}.Debug|x86.Build.0 = Debug|Any CPU
		{93A0B8C2-B818-4D74-8901-15058519FC4B}.Release|Any CPU.ActiveCfg = Release|Any CPU
		{93A0B8C2-B818-4D74-8901-15058519FC4B}.Release|Any CPU.Build.0 = Release|Any CPU
		{93A0B8C2-B818-4D74-8901-15058519FC4B}.Release|Any CPU.Deploy.0 = Release|Any CPU
		{93A0B8C2-B818-4D74-8901-15058519FC4B}.Release|ARM.ActiveCfg = Release|Any CPU
		{93A0B8C2-B818-4D74-8901-15058519FC4B}.Release|ARM.Build.0 = Release|Any CPU
		{93A0B8C2-B818-4D74-8901-15058519FC4B}.Release|iPhone.ActiveCfg = Release|Any CPU
		{93A0B8C2-B818-4D74-8901-15058519FC4B}.Release|iPhone.Build.0 = Release|Any CPU
		{93A0B8C2-B818-4D74-8901-15058519FC4B}.Release|iPhone.Deploy.0 = Release|Any CPU
		{93A0B8C2-B818-4D74-8901-15058519FC4B}.Release|iPhoneSimulator.ActiveCfg = Release|Any CPU
		{93A0B8C2-B818-4D74-8901-15058519FC4B}.Release|iPhoneSimulator.Build.0 = Release|Any CPU
		{93A0B8C2-B818-4D74-8901-15058519FC4B}.Release|iPhoneSimulator.Deploy.0 = Release|Any CPU
		{93A0B8C2-B818-4D74-8901-15058519FC4B}.Release|x64.ActiveCfg = Release|Any CPU
		{93A0B8C2-B818-4D74-8901-15058519FC4B}.Release|x64.Build.0 = Release|Any CPU
		{93A0B8C2-B818-4D74-8901-15058519FC4B}.Release|x86.ActiveCfg = Release|Any CPU
		{93A0B8C2-B818-4D74-8901-15058519FC4B}.Release|x86.Build.0 = Release|Any CPU
		{41773348-2284-4133-84BD-53C27B95869D}.Debug|Any CPU.ActiveCfg = Debug|Any CPU
		{41773348-2284-4133-84BD-53C27B95869D}.Debug|Any CPU.Build.0 = Debug|Any CPU
		{41773348-2284-4133-84BD-53C27B95869D}.Debug|ARM.ActiveCfg = Debug|Any CPU
		{41773348-2284-4133-84BD-53C27B95869D}.Debug|ARM.Build.0 = Debug|Any CPU
		{41773348-2284-4133-84BD-53C27B95869D}.Debug|iPhone.ActiveCfg = Debug|Any CPU
		{41773348-2284-4133-84BD-53C27B95869D}.Debug|iPhone.Build.0 = Debug|Any CPU
		{41773348-2284-4133-84BD-53C27B95869D}.Debug|iPhoneSimulator.ActiveCfg = Debug|Any CPU
		{41773348-2284-4133-84BD-53C27B95869D}.Debug|iPhoneSimulator.Build.0 = Debug|Any CPU
		{41773348-2284-4133-84BD-53C27B95869D}.Debug|x64.ActiveCfg = Debug|Any CPU
		{41773348-2284-4133-84BD-53C27B95869D}.Debug|x64.Build.0 = Debug|Any CPU
		{41773348-2284-4133-84BD-53C27B95869D}.Debug|x86.ActiveCfg = Debug|Any CPU
		{41773348-2284-4133-84BD-53C27B95869D}.Debug|x86.Build.0 = Debug|Any CPU
		{41773348-2284-4133-84BD-53C27B95869D}.Release|Any CPU.ActiveCfg = Release|Any CPU
		{41773348-2284-4133-84BD-53C27B95869D}.Release|Any CPU.Build.0 = Release|Any CPU
		{41773348-2284-4133-84BD-53C27B95869D}.Release|ARM.ActiveCfg = Release|Any CPU
		{41773348-2284-4133-84BD-53C27B95869D}.Release|ARM.Build.0 = Release|Any CPU
		{41773348-2284-4133-84BD-53C27B95869D}.Release|iPhone.ActiveCfg = Release|Any CPU
		{41773348-2284-4133-84BD-53C27B95869D}.Release|iPhone.Build.0 = Release|Any CPU
		{41773348-2284-4133-84BD-53C27B95869D}.Release|iPhoneSimulator.ActiveCfg = Release|Any CPU
		{41773348-2284-4133-84BD-53C27B95869D}.Release|iPhoneSimulator.Build.0 = Release|Any CPU
		{41773348-2284-4133-84BD-53C27B95869D}.Release|x64.ActiveCfg = Release|Any CPU
		{41773348-2284-4133-84BD-53C27B95869D}.Release|x64.Build.0 = Release|Any CPU
		{41773348-2284-4133-84BD-53C27B95869D}.Release|x86.ActiveCfg = Release|Any CPU
		{41773348-2284-4133-84BD-53C27B95869D}.Release|x86.Build.0 = Release|Any CPU
		{75B3D0AE-8C48-40F5-BBD6-6DF8D9777110}.Debug|Any CPU.ActiveCfg = Debug|x64
		{75B3D0AE-8C48-40F5-BBD6-6DF8D9777110}.Debug|Any CPU.Build.0 = Debug|x64
		{75B3D0AE-8C48-40F5-BBD6-6DF8D9777110}.Debug|Any CPU.Deploy.0 = Debug|x64
		{75B3D0AE-8C48-40F5-BBD6-6DF8D9777110}.Debug|ARM.ActiveCfg = Debug|ARM
		{75B3D0AE-8C48-40F5-BBD6-6DF8D9777110}.Debug|ARM.Build.0 = Debug|ARM
		{75B3D0AE-8C48-40F5-BBD6-6DF8D9777110}.Debug|ARM.Deploy.0 = Debug|ARM
		{75B3D0AE-8C48-40F5-BBD6-6DF8D9777110}.Debug|iPhone.ActiveCfg = Debug|x64
		{75B3D0AE-8C48-40F5-BBD6-6DF8D9777110}.Debug|iPhone.Build.0 = Debug|x64
		{75B3D0AE-8C48-40F5-BBD6-6DF8D9777110}.Debug|iPhone.Deploy.0 = Debug|x64
		{75B3D0AE-8C48-40F5-BBD6-6DF8D9777110}.Debug|iPhoneSimulator.ActiveCfg = Debug|x64
		{75B3D0AE-8C48-40F5-BBD6-6DF8D9777110}.Debug|iPhoneSimulator.Build.0 = Debug|x64
		{75B3D0AE-8C48-40F5-BBD6-6DF8D9777110}.Debug|iPhoneSimulator.Deploy.0 = Debug|x64
		{75B3D0AE-8C48-40F5-BBD6-6DF8D9777110}.Debug|x64.ActiveCfg = Debug|x64
		{75B3D0AE-8C48-40F5-BBD6-6DF8D9777110}.Debug|x64.Build.0 = Debug|x64
		{75B3D0AE-8C48-40F5-BBD6-6DF8D9777110}.Debug|x64.Deploy.0 = Debug|x64
		{75B3D0AE-8C48-40F5-BBD6-6DF8D9777110}.Debug|x86.ActiveCfg = Debug|x86
		{75B3D0AE-8C48-40F5-BBD6-6DF8D9777110}.Debug|x86.Build.0 = Debug|x86
		{75B3D0AE-8C48-40F5-BBD6-6DF8D9777110}.Debug|x86.Deploy.0 = Debug|x86
		{75B3D0AE-8C48-40F5-BBD6-6DF8D9777110}.Release|Any CPU.ActiveCfg = Release|x64
		{75B3D0AE-8C48-40F5-BBD6-6DF8D9777110}.Release|Any CPU.Build.0 = Release|x64
		{75B3D0AE-8C48-40F5-BBD6-6DF8D9777110}.Release|Any CPU.Deploy.0 = Release|x64
		{75B3D0AE-8C48-40F5-BBD6-6DF8D9777110}.Release|ARM.ActiveCfg = Release|ARM
		{75B3D0AE-8C48-40F5-BBD6-6DF8D9777110}.Release|ARM.Build.0 = Release|ARM
		{75B3D0AE-8C48-40F5-BBD6-6DF8D9777110}.Release|ARM.Deploy.0 = Release|ARM
		{75B3D0AE-8C48-40F5-BBD6-6DF8D9777110}.Release|iPhone.ActiveCfg = Release|x64
		{75B3D0AE-8C48-40F5-BBD6-6DF8D9777110}.Release|iPhone.Build.0 = Release|x64
		{75B3D0AE-8C48-40F5-BBD6-6DF8D9777110}.Release|iPhone.Deploy.0 = Release|x64
		{75B3D0AE-8C48-40F5-BBD6-6DF8D9777110}.Release|iPhoneSimulator.ActiveCfg = Release|x64
		{75B3D0AE-8C48-40F5-BBD6-6DF8D9777110}.Release|iPhoneSimulator.Build.0 = Release|x64
		{75B3D0AE-8C48-40F5-BBD6-6DF8D9777110}.Release|iPhoneSimulator.Deploy.0 = Release|x64
		{75B3D0AE-8C48-40F5-BBD6-6DF8D9777110}.Release|x64.ActiveCfg = Release|x64
		{75B3D0AE-8C48-40F5-BBD6-6DF8D9777110}.Release|x64.Build.0 = Release|x64
		{75B3D0AE-8C48-40F5-BBD6-6DF8D9777110}.Release|x64.Deploy.0 = Release|x64
		{75B3D0AE-8C48-40F5-BBD6-6DF8D9777110}.Release|x86.ActiveCfg = Release|x86
		{75B3D0AE-8C48-40F5-BBD6-6DF8D9777110}.Release|x86.Build.0 = Release|x86
		{75B3D0AE-8C48-40F5-BBD6-6DF8D9777110}.Release|x86.Deploy.0 = Release|x86
		{BD3E021F-AE25-48C5-A211-AAD23FBA65F9}.Debug|Any CPU.ActiveCfg = Debug|Any CPU
		{BD3E021F-AE25-48C5-A211-AAD23FBA65F9}.Debug|Any CPU.Build.0 = Debug|Any CPU
		{BD3E021F-AE25-48C5-A211-AAD23FBA65F9}.Debug|ARM.ActiveCfg = Debug|Any CPU
		{BD3E021F-AE25-48C5-A211-AAD23FBA65F9}.Debug|ARM.Build.0 = Debug|Any CPU
		{BD3E021F-AE25-48C5-A211-AAD23FBA65F9}.Debug|iPhone.ActiveCfg = Debug|Any CPU
		{BD3E021F-AE25-48C5-A211-AAD23FBA65F9}.Debug|iPhone.Build.0 = Debug|Any CPU
		{BD3E021F-AE25-48C5-A211-AAD23FBA65F9}.Debug|iPhoneSimulator.ActiveCfg = Debug|Any CPU
		{BD3E021F-AE25-48C5-A211-AAD23FBA65F9}.Debug|iPhoneSimulator.Build.0 = Debug|Any CPU
		{BD3E021F-AE25-48C5-A211-AAD23FBA65F9}.Debug|x64.ActiveCfg = Debug|Any CPU
		{BD3E021F-AE25-48C5-A211-AAD23FBA65F9}.Debug|x64.Build.0 = Debug|Any CPU
		{BD3E021F-AE25-48C5-A211-AAD23FBA65F9}.Debug|x86.ActiveCfg = Debug|Any CPU
		{BD3E021F-AE25-48C5-A211-AAD23FBA65F9}.Debug|x86.Build.0 = Debug|Any CPU
		{BD3E021F-AE25-48C5-A211-AAD23FBA65F9}.Release|Any CPU.ActiveCfg = Release|Any CPU
		{BD3E021F-AE25-48C5-A211-AAD23FBA65F9}.Release|Any CPU.Build.0 = Release|Any CPU
		{BD3E021F-AE25-48C5-A211-AAD23FBA65F9}.Release|ARM.ActiveCfg = Release|Any CPU
		{BD3E021F-AE25-48C5-A211-AAD23FBA65F9}.Release|ARM.Build.0 = Release|Any CPU
		{BD3E021F-AE25-48C5-A211-AAD23FBA65F9}.Release|iPhone.ActiveCfg = Release|Any CPU
		{BD3E021F-AE25-48C5-A211-AAD23FBA65F9}.Release|iPhone.Build.0 = Release|Any CPU
		{BD3E021F-AE25-48C5-A211-AAD23FBA65F9}.Release|iPhoneSimulator.ActiveCfg = Release|Any CPU
		{BD3E021F-AE25-48C5-A211-AAD23FBA65F9}.Release|iPhoneSimulator.Build.0 = Release|Any CPU
		{BD3E021F-AE25-48C5-A211-AAD23FBA65F9}.Release|x64.ActiveCfg = Release|Any CPU
		{BD3E021F-AE25-48C5-A211-AAD23FBA65F9}.Release|x64.Build.0 = Release|Any CPU
		{BD3E021F-AE25-48C5-A211-AAD23FBA65F9}.Release|x86.ActiveCfg = Release|Any CPU
		{BD3E021F-AE25-48C5-A211-AAD23FBA65F9}.Release|x86.Build.0 = Release|Any CPU
		{D12EADE4-1457-4126-8EA7-9BEDF5393409}.Debug|Any CPU.ActiveCfg = Debug|Any CPU
		{D12EADE4-1457-4126-8EA7-9BEDF5393409}.Debug|Any CPU.Build.0 = Debug|Any CPU
		{D12EADE4-1457-4126-8EA7-9BEDF5393409}.Debug|ARM.ActiveCfg = Debug|Any CPU
		{D12EADE4-1457-4126-8EA7-9BEDF5393409}.Debug|ARM.Build.0 = Debug|Any CPU
		{D12EADE4-1457-4126-8EA7-9BEDF5393409}.Debug|iPhone.ActiveCfg = Debug|Any CPU
		{D12EADE4-1457-4126-8EA7-9BEDF5393409}.Debug|iPhone.Build.0 = Debug|Any CPU
		{D12EADE4-1457-4126-8EA7-9BEDF5393409}.Debug|iPhoneSimulator.ActiveCfg = Debug|Any CPU
		{D12EADE4-1457-4126-8EA7-9BEDF5393409}.Debug|iPhoneSimulator.Build.0 = Debug|Any CPU
		{D12EADE4-1457-4126-8EA7-9BEDF5393409}.Debug|x64.ActiveCfg = Debug|Any CPU
		{D12EADE4-1457-4126-8EA7-9BEDF5393409}.Debug|x64.Build.0 = Debug|Any CPU
		{D12EADE4-1457-4126-8EA7-9BEDF5393409}.Debug|x86.ActiveCfg = Debug|Any CPU
		{D12EADE4-1457-4126-8EA7-9BEDF5393409}.Debug|x86.Build.0 = Debug|Any CPU
		{D12EADE4-1457-4126-8EA7-9BEDF5393409}.Release|Any CPU.ActiveCfg = Release|Any CPU
		{D12EADE4-1457-4126-8EA7-9BEDF5393409}.Release|Any CPU.Build.0 = Release|Any CPU
		{D12EADE4-1457-4126-8EA7-9BEDF5393409}.Release|ARM.ActiveCfg = Release|Any CPU
		{D12EADE4-1457-4126-8EA7-9BEDF5393409}.Release|ARM.Build.0 = Release|Any CPU
		{D12EADE4-1457-4126-8EA7-9BEDF5393409}.Release|iPhone.ActiveCfg = Release|Any CPU
		{D12EADE4-1457-4126-8EA7-9BEDF5393409}.Release|iPhone.Build.0 = Release|Any CPU
		{D12EADE4-1457-4126-8EA7-9BEDF5393409}.Release|iPhoneSimulator.ActiveCfg = Release|Any CPU
		{D12EADE4-1457-4126-8EA7-9BEDF5393409}.Release|iPhoneSimulator.Build.0 = Release|Any CPU
		{D12EADE4-1457-4126-8EA7-9BEDF5393409}.Release|x64.ActiveCfg = Release|Any CPU
		{D12EADE4-1457-4126-8EA7-9BEDF5393409}.Release|x64.Build.0 = Release|Any CPU
		{D12EADE4-1457-4126-8EA7-9BEDF5393409}.Release|x86.ActiveCfg = Release|Any CPU
		{D12EADE4-1457-4126-8EA7-9BEDF5393409}.Release|x86.Build.0 = Release|Any CPU
		{AB1D9407-E4B2-403C-88CD-9CAC7A6914EF}.Debug|Any CPU.ActiveCfg = Debug|Any CPU
		{AB1D9407-E4B2-403C-88CD-9CAC7A6914EF}.Debug|Any CPU.Build.0 = Debug|Any CPU
		{AB1D9407-E4B2-403C-88CD-9CAC7A6914EF}.Debug|ARM.ActiveCfg = Debug|Any CPU
		{AB1D9407-E4B2-403C-88CD-9CAC7A6914EF}.Debug|ARM.Build.0 = Debug|Any CPU
		{AB1D9407-E4B2-403C-88CD-9CAC7A6914EF}.Debug|iPhone.ActiveCfg = Debug|Any CPU
		{AB1D9407-E4B2-403C-88CD-9CAC7A6914EF}.Debug|iPhone.Build.0 = Debug|Any CPU
		{AB1D9407-E4B2-403C-88CD-9CAC7A6914EF}.Debug|iPhoneSimulator.ActiveCfg = Debug|Any CPU
		{AB1D9407-E4B2-403C-88CD-9CAC7A6914EF}.Debug|iPhoneSimulator.Build.0 = Debug|Any CPU
		{AB1D9407-E4B2-403C-88CD-9CAC7A6914EF}.Debug|x64.ActiveCfg = Debug|Any CPU
		{AB1D9407-E4B2-403C-88CD-9CAC7A6914EF}.Debug|x64.Build.0 = Debug|Any CPU
		{AB1D9407-E4B2-403C-88CD-9CAC7A6914EF}.Debug|x86.ActiveCfg = Debug|Any CPU
		{AB1D9407-E4B2-403C-88CD-9CAC7A6914EF}.Debug|x86.Build.0 = Debug|Any CPU
		{AB1D9407-E4B2-403C-88CD-9CAC7A6914EF}.Release|Any CPU.ActiveCfg = Release|Any CPU
		{AB1D9407-E4B2-403C-88CD-9CAC7A6914EF}.Release|Any CPU.Build.0 = Release|Any CPU
		{AB1D9407-E4B2-403C-88CD-9CAC7A6914EF}.Release|ARM.ActiveCfg = Release|Any CPU
		{AB1D9407-E4B2-403C-88CD-9CAC7A6914EF}.Release|ARM.Build.0 = Release|Any CPU
		{AB1D9407-E4B2-403C-88CD-9CAC7A6914EF}.Release|iPhone.ActiveCfg = Release|Any CPU
		{AB1D9407-E4B2-403C-88CD-9CAC7A6914EF}.Release|iPhone.Build.0 = Release|Any CPU
		{AB1D9407-E4B2-403C-88CD-9CAC7A6914EF}.Release|iPhoneSimulator.ActiveCfg = Release|Any CPU
		{AB1D9407-E4B2-403C-88CD-9CAC7A6914EF}.Release|iPhoneSimulator.Build.0 = Release|Any CPU
		{AB1D9407-E4B2-403C-88CD-9CAC7A6914EF}.Release|x64.ActiveCfg = Release|Any CPU
		{AB1D9407-E4B2-403C-88CD-9CAC7A6914EF}.Release|x64.Build.0 = Release|Any CPU
		{AB1D9407-E4B2-403C-88CD-9CAC7A6914EF}.Release|x86.ActiveCfg = Release|Any CPU
		{AB1D9407-E4B2-403C-88CD-9CAC7A6914EF}.Release|x86.Build.0 = Release|Any CPU
		{C62FCB91-7D10-4665-912C-B7CCEC9535D7}.Debug|Any CPU.ActiveCfg = Debug|Any CPU
		{C62FCB91-7D10-4665-912C-B7CCEC9535D7}.Debug|Any CPU.Build.0 = Debug|Any CPU
		{C62FCB91-7D10-4665-912C-B7CCEC9535D7}.Debug|ARM.ActiveCfg = Debug|ARM
		{C62FCB91-7D10-4665-912C-B7CCEC9535D7}.Debug|ARM.Build.0 = Debug|ARM
		{C62FCB91-7D10-4665-912C-B7CCEC9535D7}.Debug|iPhone.ActiveCfg = Debug|Any CPU
		{C62FCB91-7D10-4665-912C-B7CCEC9535D7}.Debug|iPhone.Build.0 = Debug|Any CPU
		{C62FCB91-7D10-4665-912C-B7CCEC9535D7}.Debug|iPhoneSimulator.ActiveCfg = Debug|Any CPU
		{C62FCB91-7D10-4665-912C-B7CCEC9535D7}.Debug|iPhoneSimulator.Build.0 = Debug|Any CPU
		{C62FCB91-7D10-4665-912C-B7CCEC9535D7}.Debug|x64.ActiveCfg = Debug|x64
		{C62FCB91-7D10-4665-912C-B7CCEC9535D7}.Debug|x64.Build.0 = Debug|x64
		{C62FCB91-7D10-4665-912C-B7CCEC9535D7}.Debug|x86.ActiveCfg = Debug|x86
		{C62FCB91-7D10-4665-912C-B7CCEC9535D7}.Debug|x86.Build.0 = Debug|x86
		{C62FCB91-7D10-4665-912C-B7CCEC9535D7}.Release|Any CPU.ActiveCfg = Release|Any CPU
		{C62FCB91-7D10-4665-912C-B7CCEC9535D7}.Release|Any CPU.Build.0 = Release|Any CPU
		{C62FCB91-7D10-4665-912C-B7CCEC9535D7}.Release|ARM.ActiveCfg = Release|ARM
		{C62FCB91-7D10-4665-912C-B7CCEC9535D7}.Release|ARM.Build.0 = Release|ARM
		{C62FCB91-7D10-4665-912C-B7CCEC9535D7}.Release|iPhone.ActiveCfg = Release|Any CPU
		{C62FCB91-7D10-4665-912C-B7CCEC9535D7}.Release|iPhone.Build.0 = Release|Any CPU
		{C62FCB91-7D10-4665-912C-B7CCEC9535D7}.Release|iPhoneSimulator.ActiveCfg = Release|Any CPU
		{C62FCB91-7D10-4665-912C-B7CCEC9535D7}.Release|iPhoneSimulator.Build.0 = Release|Any CPU
		{C62FCB91-7D10-4665-912C-B7CCEC9535D7}.Release|x64.ActiveCfg = Release|x64
		{C62FCB91-7D10-4665-912C-B7CCEC9535D7}.Release|x64.Build.0 = Release|x64
		{C62FCB91-7D10-4665-912C-B7CCEC9535D7}.Release|x86.ActiveCfg = Release|x86
		{C62FCB91-7D10-4665-912C-B7CCEC9535D7}.Release|x86.Build.0 = Release|x86
	EndGlobalSection
	GlobalSection(SolutionProperties) = preSolution
		HideSolutionNode = FALSE
	EndGlobalSection
	GlobalSection(ExtensibilityGlobals) = postSolution
		SolutionGuid = {70E3C631-D1CA-4AAE-8BA2-D349E3E2E560}
	EndGlobalSection
	GlobalSection(NestedProjects) = preSolution
		{BD3E021F-AE25-48C5-A211-AAD23FBA65F9} = {05B05E28-97CB-44E8-A8C7-12D7408100C8}
		{D12EADE4-1457-4126-8EA7-9BEDF5393409} = {05B05E28-97CB-44E8-A8C7-12D7408100C8}
		{AB1D9407-E4B2-403C-88CD-9CAC7A6914EF} = {05B05E28-97CB-44E8-A8C7-12D7408100C8}
		{C62FCB91-7D10-4665-912C-B7CCEC9535D7} = {05B05E28-97CB-44E8-A8C7-12D7408100C8}
	EndGlobalSection
EndGlobal
