
Microsoft Visual Studio Solution File, Format Version 12.00
# Visual Studio Version 17
VisualStudioVersion = 17.2.32210.308
MinimumVisualStudioVersion = 10.0.40219.1
Project("{FAE04EC0-301F-11D3-BF4B-00C04F79EFBC}") = "FIS-J.Android", "FIS-J\FIS-J.Android\FIS-J.Android.csproj", "{88A8AD5B-8C3F-4F41-8969-3184FADE30F7}"
EndProject
Project("{FAE04EC0-301F-11D3-BF4B-00C04F79EFBC}") = "FIS-J.iOS", "FIS-J\FIS-J.iOS\FIS-J.iOS.csproj", "{B3826677-877C-4734-A465-077465E7ED77}"
EndProject
Project("{9A19103F-16F7-4668-BE54-9A1E7A4F7556}") = "FIS-J", "FIS-J\FIS-J\FIS-J.csproj", "{93A0B8C2-B818-4D74-8901-15058519FC4B}"
EndProject
Project("{FAE04EC0-301F-11D3-BF4B-00C04F79EFBC}") = "FIS-J.UWP", "FIS-J\FIS-J.UWP\FIS-J.UWP.csproj", "{B2237A03-5DB9-4259-9112-A3093AA8A3FC}"
EndProject
Project("{FAE04EC0-301F-11D3-BF4B-00C04F79EFBC}") = "FIS-J.Tests", "FIS-J.Tests\FIS-J.Tests.csproj", "{41773348-2284-4133-84BD-53C27B95869D}"
EndProject
Global
	GlobalSection(SolutionConfigurationPlatforms) = preSolution
		Debug|Any CPU = Debug|Any CPU
		Debug|ARM = Debug|ARM
		Debug|iPhone = Debug|iPhone
		Debug|iPhoneSimulator = Debug|iPhoneSimulator
		Debug|x64 = Debug|x64
		Debug|x86 = Debug|x86
		Release|Any CPU = Release|Any CPU
		Release|ARM = Release|ARM
		Release|iPhone = Release|iPhone
		Release|iPhoneSimulator = Release|iPhoneSimulator
		Release|x64 = Release|x64
		Release|x86 = Release|x86
	EndGlobalSection
	GlobalSection(ProjectConfigurationPlatforms) = postSolution
		{88A8AD5B-8C3F-4F41-8969-3184FADE30F7}.Debug|Any CPU.ActiveCfg = Debug|Any CPU
		{88A8AD5B-8C3F-4F41-8969-3184FADE30F7}.Debug|Any CPU.Build.0 = Debug|Any CPU
		{88A8AD5B-8C3F-4F41-8969-3184FADE30F7}.Debug|Any CPU.Deploy.0 = Debug|Any CPU
		{88A8AD5B-8C3F-4F41-8969-3184FADE30F7}.Debug|ARM.ActiveCfg = Debug|Any CPU
		{88A8AD5B-8C3F-4F41-8969-3184FADE30F7}.Debug|ARM.Build.0 = Debug|Any CPU
		{88A8AD5B-8C3F-4F41-8969-3184FADE30F7}.Debug|ARM.Deploy.0 = Debug|Any CPU
		{88A8AD5B-8C3F-4F41-8969-3184FADE30F7}.Debug|iPhone.ActiveCfg = Debug|Any CPU
		{88A8AD5B-8C3F-4F41-8969-3184FADE30F7}.Debug|iPhone.Build.0 = Debug|Any CPU
		{88A8AD5B-8C3F-4F41-8969-3184FADE30F7}.Debug|iPhone.Deploy.0 = Debug|Any CPU
		{88A8AD5B-8C3F-4F41-8969-3184FADE30F7}.Debug|iPhoneSimulator.ActiveCfg = Debug|Any CPU
		{88A8AD5B-8C3F-4F41-8969-3184FADE30F7}.Debug|iPhoneSimulator.Build.0 = Debug|Any CPU
		{88A8AD5B-8C3F-4F41-8969-3184FADE30F7}.Debug|iPhoneSimulator.Deploy.0 = Debug|Any CPU
		{88A8AD5B-8C3F-4F41-8969-3184FADE30F7}.Debug|x64.ActiveCfg = Debug|Any CPU
		{88A8AD5B-8C3F-4F41-8969-3184FADE30F7}.Debug|x64.Build.0 = Debug|Any CPU
		{88A8AD5B-8C3F-4F41-8969-3184FADE30F7}.Debug|x64.Deploy.0 = Debug|Any CPU
		{88A8AD5B-8C3F-4F41-8969-3184FADE30F7}.Debug|x86.ActiveCfg = Debug|Any CPU
		{88A8AD5B-8C3F-4F41-8969-3184FADE30F7}.Debug|x86.Build.0 = Debug|Any CPU
		{88A8AD5B-8C3F-4F41-8969-3184FADE30F7}.Debug|x86.Deploy.0 = Debug|Any CPU
		{88A8AD5B-8C3F-4F41-8969-3184FADE30F7}.Release|Any CPU.ActiveCfg = Release|Any CPU
		{88A8AD5B-8C3F-4F41-8969-3184FADE30F7}.Release|Any CPU.Build.0 = Release|Any CPU
		{88A8AD5B-8C3F-4F41-8969-3184FADE30F7}.Release|Any CPU.Deploy.0 = Release|Any CPU
		{88A8AD5B-8C3F-4F41-8969-3184FADE30F7}.Release|ARM.ActiveCfg = Release|Any CPU
		{88A8AD5B-8C3F-4F41-8969-3184FADE30F7}.Release|ARM.Build.0 = Release|Any CPU
		{88A8AD5B-8C3F-4F41-8969-3184FADE30F7}.Release|ARM.Deploy.0 = Release|Any CPU
		{88A8AD5B-8C3F-4F41-8969-3184FADE30F7}.Release|iPhone.ActiveCfg = Release|Any CPU
		{88A8AD5B-8C3F-4F41-8969-3184FADE30F7}.Release|iPhone.Build.0 = Release|Any CPU
		{88A8AD5B-8C3F-4F41-8969-3184FADE30F7}.Release|iPhone.Deploy.0 = Release|Any CPU
		{88A8AD5B-8C3F-4F41-8969-3184FADE30F7}.Release|iPhoneSimulator.ActiveCfg = Release|Any CPU
		{88A8AD5B-8C3F-4F41-8969-3184FADE30F7}.Release|iPhoneSimulator.Build.0 = Release|Any CPU
		{88A8AD5B-8C3F-4F41-8969-3184FADE30F7}.Release|iPhoneSimulator.Deploy.0 = Release|Any CPU
		{88A8AD5B-8C3F-4F41-8969-3184FADE30F7}.Release|x64.ActiveCfg = Release|Any CPU
		{88A8AD5B-8C3F-4F41-8969-3184FADE30F7}.Release|x64.Build.0 = Release|Any CPU
		{88A8AD5B-8C3F-4F41-8969-3184FADE30F7}.Release|x64.Deploy.0 = Release|Any CPU
		{88A8AD5B-8C3F-4F41-8969-3184FADE30F7}.Release|x86.ActiveCfg = Release|Any CPU
		{88A8AD5B-8C3F-4F41-8969-3184FADE30F7}.Release|x86.Build.0 = Release|Any CPU
		{88A8AD5B-8C3F-4F41-8969-3184FADE30F7}.Release|x86.Deploy.0 = Release|Any CPU
		{B3826677-877C-4734-A465-077465E7ED77}.Debug|Any CPU.ActiveCfg = Debug|iPhone
		{B3826677-877C-4734-A465-077465E7ED77}.Debug|Any CPU.Build.0 = Debug|iPhone
		{B3826677-877C-4734-A465-077465E7ED77}.Debug|Any CPU.Deploy.0 = Debug|iPhone
		{B3826677-877C-4734-A465-077465E7ED77}.Debug|ARM.ActiveCfg = Debug|iPhoneSimulator
		{B3826677-877C-4734-A465-077465E7ED77}.Debug|ARM.Build.0 = Debug|iPhoneSimulator
		{B3826677-877C-4734-A465-077465E7ED77}.Debug|iPhone.ActiveCfg = Debug|iPhone
		{B3826677-877C-4734-A465-077465E7ED77}.Debug|iPhone.Build.0 = Debug|iPhone
		{B3826677-877C-4734-A465-077465E7ED77}.Debug|iPhone.Deploy.0 = Debug|iPhone
		{B3826677-877C-4734-A465-077465E7ED77}.Debug|iPhoneSimulator.ActiveCfg = Debug|iPhoneSimulator
		{B3826677-877C-4734-A465-077465E7ED77}.Debug|iPhoneSimulator.Build.0 = Debug|iPhoneSimulator
		{B3826677-877C-4734-A465-077465E7ED77}.Debug|iPhoneSimulator.Deploy.0 = Debug|iPhoneSimulator
		{B3826677-877C-4734-A465-077465E7ED77}.Debug|x64.ActiveCfg = Debug|iPhoneSimulator
		{B3826677-877C-4734-A465-077465E7ED77}.Debug|x64.Build.0 = Debug|iPhoneSimulator
		{B3826677-877C-4734-A465-077465E7ED77}.Debug|x86.ActiveCfg = Debug|iPhoneSimulator
		{B3826677-877C-4734-A465-077465E7ED77}.Debug|x86.Build.0 = Debug|iPhoneSimulator
		{B3826677-877C-4734-A465-077465E7ED77}.Release|Any CPU.ActiveCfg = Release|iPhoneSimulator
		{B3826677-877C-4734-A465-077465E7ED77}.Release|Any CPU.Build.0 = Release|iPhoneSimulator
		{B3826677-877C-4734-A465-077465E7ED77}.Release|Any CPU.Deploy.0 = Release|iPhoneSimulator
		{B3826677-877C-4734-A465-077465E7ED77}.Release|ARM.ActiveCfg = Release|iPhone
		{B3826677-877C-4734-A465-077465E7ED77}.Release|ARM.Build.0 = Release|iPhone
		{B3826677-877C-4734-A465-077465E7ED77}.Release|iPhone.ActiveCfg = Release|iPhone
		{B3826677-877C-4734-A465-077465E7ED77}.Release|iPhone.Build.0 = Release|iPhone
		{B3826677-877C-4734-A465-077465E7ED77}.Release|iPhone.Deploy.0 = Release|iPhone
		{B3826677-877C-4734-A465-077465E7ED77}.Release|iPhoneSimulator.ActiveCfg = Release|iPhoneSimulator
		{B3826677-877C-4734-A465-077465E7ED77}.Release|iPhoneSimulator.Build.0 = Release|iPhoneSimulator
		{B3826677-877C-4734-A465-077465E7ED77}.Release|iPhoneSimulator.Deploy.0 = Release|iPhoneSimulator
		{B3826677-877C-4734-A465-077465E7ED77}.Release|x64.ActiveCfg = Release|iPhone
		{B3826677-877C-4734-A465-077465E7ED77}.Release|x64.Build.0 = Release|iPhone
		{B3826677-877C-4734-A465-077465E7ED77}.Release|x86.ActiveCfg = Release|iPhone
		{B3826677-877C-4734-A465-077465E7ED77}.Release|x86.Build.0 = Release|iPhone
		{93A0B8C2-B818-4D74-8901-15058519FC4B}.Debug|Any CPU.ActiveCfg = Debug|Any CPU
		{93A0B8C2-B818-4D74-8901-15058519FC4B}.Debug|Any CPU.Build.0 = Debug|Any CPU
		{93A0B8C2-B818-4D74-8901-15058519FC4B}.Debug|Any CPU.Deploy.0 = Debug|Any CPU
		{93A0B8C2-B818-4D74-8901-15058519FC4B}.Debug|ARM.ActiveCfg = Debug|Any CPU
		{93A0B8C2-B818-4D74-8901-15058519FC4B}.Debug|ARM.Build.0 = Debug|Any CPU
		{93A0B8C2-B818-4D74-8901-15058519FC4B}.Debug|iPhone.ActiveCfg = Debug|Any CPU
		{93A0B8C2-B818-4D74-8901-15058519FC4B}.Debug|iPhone.Build.0 = Debug|Any CPU
		{93A0B8C2-B818-4D74-8901-15058519FC4B}.Debug|iPhone.Deploy.0 = Debug|Any CPU
		{93A0B8C2-B818-4D74-8901-15058519FC4B}.Debug|iPhoneSimulator.ActiveCfg = Debug|Any CPU
		{93A0B8C2-B818-4D74-8901-15058519FC4B}.Debug|iPhoneSimulator.Build.0 = Debug|Any CPU
		{93A0B8C2-B818-4D74-8901-15058519FC4B}.Debug|iPhoneSimulator.Deploy.0 = Debug|Any CPU
		{93A0B8C2-B818-4D74-8901-15058519FC4B}.Debug|x64.ActiveCfg = Debug|Any CPU
		{93A0B8C2-B818-4D74-8901-15058519FC4B}.Debug|x64.Build.0 = Debug|Any CPU
		{93A0B8C2-B818-4D74-8901-15058519FC4B}.Debug|x86.ActiveCfg = Debug|Any CPU
		{93A0B8C2-B818-4D74-8901-15058519FC4B}.Debug|x86.Build.0 = Debug|Any CPU
		{93A0B8C2-B818-4D74-8901-15058519FC4B}.Release|Any CPU.ActiveCfg = Release|Any CPU
		{93A0B8C2-B818-4D74-8901-15058519FC4B}.Release|Any CPU.Build.0 = Release|Any CPU
		{93A0B8C2-B818-4D74-8901-15058519FC4B}.Release|Any CPU.Deploy.0 = Release|Any CPU
		{93A0B8C2-B818-4D74-8901-15058519FC4B}.Release|ARM.ActiveCfg = Release|Any CPU
		{93A0B8C2-B818-4D74-8901-15058519FC4B}.Release|ARM.Build.0 = Release|Any CPU
		{93A0B8C2-B818-4D74-8901-15058519FC4B}.Release|iPhone.ActiveCfg = Release|Any CPU
		{93A0B8C2-B818-4D74-8901-15058519FC4B}.Release|iPhone.Build.0 = Release|Any CPU
		{93A0B8C2-B818-4D74-8901-15058519FC4B}.Release|iPhone.Deploy.0 = Release|Any CPU
		{93A0B8C2-B818-4D74-8901-15058519FC4B}.Release|iPhoneSimulator.ActiveCfg = Release|Any CPU
		{93A0B8C2-B818-4D74-8901-15058519FC4B}.Release|iPhoneSimulator.Build.0 = Release|Any CPU
		{93A0B8C2-B818-4D74-8901-15058519FC4B}.Release|iPhoneSimulator.Deploy.0 = Release|Any CPU
		{93A0B8C2-B818-4D74-8901-15058519FC4B}.Release|x64.ActiveCfg = Release|Any CPU
		{93A0B8C2-B818-4D74-8901-15058519FC4B}.Release|x64.Build.0 = Release|Any CPU
		{93A0B8C2-B818-4D74-8901-15058519FC4B}.Release|x86.ActiveCfg = Release|Any CPU
		{93A0B8C2-B818-4D74-8901-15058519FC4B}.Release|x86.Build.0 = Release|Any CPU
		{B2237A03-5DB9-4259-9112-A3093AA8A3FC}.Debug|Any CPU.ActiveCfg = Debug|x64
		{B2237A03-5DB9-4259-9112-A3093AA8A3FC}.Debug|Any CPU.Build.0 = Debug|x64
		{B2237A03-5DB9-4259-9112-A3093AA8A3FC}.Debug|Any CPU.Deploy.0 = Debug|x64
		{B2237A03-5DB9-4259-9112-A3093AA8A3FC}.Debug|ARM.ActiveCfg = Debug|ARM
		{B2237A03-5DB9-4259-9112-A3093AA8A3FC}.Debug|ARM.Build.0 = Debug|ARM
		{B2237A03-5DB9-4259-9112-A3093AA8A3FC}.Debug|ARM.Deploy.0 = Debug|ARM
		{B2237A03-5DB9-4259-9112-A3093AA8A3FC}.Debug|iPhone.ActiveCfg = Debug|x64
		{B2237A03-5DB9-4259-9112-A3093AA8A3FC}.Debug|iPhone.Build.0 = Debug|x64
		{B2237A03-5DB9-4259-9112-A3093AA8A3FC}.Debug|iPhone.Deploy.0 = Debug|x64
		{B2237A03-5DB9-4259-9112-A3093AA8A3FC}.Debug|iPhoneSimulator.ActiveCfg = Debug|x64
		{B2237A03-5DB9-4259-9112-A3093AA8A3FC}.Debug|iPhoneSimulator.Build.0 = Debug|x64
		{B2237A03-5DB9-4259-9112-A3093AA8A3FC}.Debug|iPhoneSimulator.Deploy.0 = Debug|x64
		{B2237A03-5DB9-4259-9112-A3093AA8A3FC}.Debug|x64.ActiveCfg = Debug|x64
		{B2237A03-5DB9-4259-9112-A3093AA8A3FC}.Debug|x64.Build.0 = Debug|x64
		{B2237A03-5DB9-4259-9112-A3093AA8A3FC}.Debug|x64.Deploy.0 = Debug|x64
		{B2237A03-5DB9-4259-9112-A3093AA8A3FC}.Debug|x86.ActiveCfg = Debug|x86
		{B2237A03-5DB9-4259-9112-A3093AA8A3FC}.Debug|x86.Build.0 = Debug|x86
		{B2237A03-5DB9-4259-9112-A3093AA8A3FC}.Debug|x86.Deploy.0 = Debug|x86
		{B2237A03-5DB9-4259-9112-A3093AA8A3FC}.Release|Any CPU.ActiveCfg = Release|x64
		{B2237A03-5DB9-4259-9112-A3093AA8A3FC}.Release|Any CPU.Build.0 = Release|x64
		{B2237A03-5DB9-4259-9112-A3093AA8A3FC}.Release|Any CPU.Deploy.0 = Release|x64
		{B2237A03-5DB9-4259-9112-A3093AA8A3FC}.Release|ARM.ActiveCfg = Release|ARM
		{B2237A03-5DB9-4259-9112-A3093AA8A3FC}.Release|ARM.Build.0 = Release|ARM
		{B2237A03-5DB9-4259-9112-A3093AA8A3FC}.Release|ARM.Deploy.0 = Release|ARM
		{B2237A03-5DB9-4259-9112-A3093AA8A3FC}.Release|iPhone.ActiveCfg = Release|x64
		{B2237A03-5DB9-4259-9112-A3093AA8A3FC}.Release|iPhone.Build.0 = Release|x64
		{B2237A03-5DB9-4259-9112-A3093AA8A3FC}.Release|iPhone.Deploy.0 = Release|x64
		{B2237A03-5DB9-4259-9112-A3093AA8A3FC}.Release|iPhoneSimulator.ActiveCfg = Release|x64
		{B2237A03-5DB9-4259-9112-A3093AA8A3FC}.Release|iPhoneSimulator.Build.0 = Release|x64
		{B2237A03-5DB9-4259-9112-A3093AA8A3FC}.Release|iPhoneSimulator.Deploy.0 = Release|x64
		{B2237A03-5DB9-4259-9112-A3093AA8A3FC}.Release|x64.ActiveCfg = Release|x64
		{B2237A03-5DB9-4259-9112-A3093AA8A3FC}.Release|x64.Build.0 = Release|x64
		{B2237A03-5DB9-4259-9112-A3093AA8A3FC}.Release|x64.Deploy.0 = Release|x64
		{B2237A03-5DB9-4259-9112-A3093AA8A3FC}.Release|x86.ActiveCfg = Release|x86
		{B2237A03-5DB9-4259-9112-A3093AA8A3FC}.Release|x86.Build.0 = Release|x86
		{B2237A03-5DB9-4259-9112-A3093AA8A3FC}.Release|x86.Deploy.0 = Release|x86
		{41773348-2284-4133-84BD-53C27B95869D}.Debug|Any CPU.ActiveCfg = Debug|Any CPU
		{41773348-2284-4133-84BD-53C27B95869D}.Debug|Any CPU.Build.0 = Debug|Any CPU
		{41773348-2284-4133-84BD-53C27B95869D}.Debug|ARM.ActiveCfg = Debug|Any CPU
		{41773348-2284-4133-84BD-53C27B95869D}.Debug|ARM.Build.0 = Debug|Any CPU
		{41773348-2284-4133-84BD-53C27B95869D}.Debug|iPhone.ActiveCfg = Debug|Any CPU
		{41773348-2284-4133-84BD-53C27B95869D}.Debug|iPhone.Build.0 = Debug|Any CPU
		{41773348-2284-4133-84BD-53C27B95869D}.Debug|iPhoneSimulator.ActiveCfg = Debug|Any CPU
		{41773348-2284-4133-84BD-53C27B95869D}.Debug|iPhoneSimulator.Build.0 = Debug|Any CPU
		{41773348-2284-4133-84BD-53C27B95869D}.Debug|x64.ActiveCfg = Debug|Any CPU
		{41773348-2284-4133-84BD-53C27B95869D}.Debug|x64.Build.0 = Debug|Any CPU
		{41773348-2284-4133-84BD-53C27B95869D}.Debug|x86.ActiveCfg = Debug|Any CPU
		{41773348-2284-4133-84BD-53C27B95869D}.Debug|x86.Build.0 = Debug|Any CPU
		{41773348-2284-4133-84BD-53C27B95869D}.Release|Any CPU.ActiveCfg = Release|Any CPU
		{41773348-2284-4133-84BD-53C27B95869D}.Release|Any CPU.Build.0 = Release|Any CPU
		{41773348-2284-4133-84BD-53C27B95869D}.Release|ARM.ActiveCfg = Release|Any CPU
		{41773348-2284-4133-84BD-53C27B95869D}.Release|ARM.Build.0 = Release|Any CPU
		{41773348-2284-4133-84BD-53C27B95869D}.Release|iPhone.ActiveCfg = Release|Any CPU
		{41773348-2284-4133-84BD-53C27B95869D}.Release|iPhone.Build.0 = Release|Any CPU
		{41773348-2284-4133-84BD-53C27B95869D}.Release|iPhoneSimulator.ActiveCfg = Release|Any CPU
		{41773348-2284-4133-84BD-53C27B95869D}.Release|iPhoneSimulator.Build.0 = Release|Any CPU
		{41773348-2284-4133-84BD-53C27B95869D}.Release|x64.ActiveCfg = Release|Any CPU
		{41773348-2284-4133-84BD-53C27B95869D}.Release|x64.Build.0 = Release|Any CPU
		{41773348-2284-4133-84BD-53C27B95869D}.Release|x86.ActiveCfg = Release|Any CPU
		{41773348-2284-4133-84BD-53C27B95869D}.Release|x86.Build.0 = Release|Any CPU
	EndGlobalSection
	GlobalSection(SolutionProperties) = preSolution
		HideSolutionNode = FALSE
	EndGlobalSection
	GlobalSection(ExtensibilityGlobals) = postSolution
		SolutionGuid = {70E3C631-D1CA-4AAE-8BA2-D349E3E2E560}
	EndGlobalSection
EndGlobal
